
Microsoft Visual Studio Solution File, Format Version 12.00
# Visual Studio Version 17
VisualStudioVersion = 17.0.31903.59
MinimumVisualStudioVersion = 10.0.40219.1
Project("{2150E333-8FDC-42A3-9474-1A3956D46DE8}") = "src", "src", "{FD7EB555-4843-497C-973F-4FEE4CB8A7BF}"
EndProject
Project("{FAE04EC0-301F-11D3-BF4B-00C04F79EFBC}") = "HelloWorld", "src\HelloWorld\HelloWorld.csproj", "{CF3150F6-2F04-4106-93BD-77CEB3B2F423}"
EndProject
Project("{2150E333-8FDC-42A3-9474-1A3956D46DE8}") = "lib", "lib", "{1D740769-CD52-4738-A1A5-8C12AA0E7DEB}"
EndProject
Project("{FAE04EC0-301F-11D3-BF4B-00C04F79EFBC}") = "HelloPrint", "lib\HelloPrint\HelloPrint.csproj", "{39D71A45-5EE5-4815-895C-21BA8953BDCC}"
EndProject
Global
	GlobalSection(SolutionConfigurationPlatforms) = preSolution
		Debug|Any CPU = Debug|Any CPU
		Release|Any CPU = Release|Any CPU
	EndGlobalSection
	GlobalSection(SolutionProperties) = preSolution
		HideSolutionNode = FALSE
	EndGlobalSection
	GlobalSection(ProjectConfigurationPlatforms) = postSolution
		{CF3150F6-2F04-4106-93BD-77CEB3B2F423}.Debug|Any CPU.ActiveCfg = Debug|Any CPU
		{CF3150F6-2F04-4106-93BD-77CEB3B2F423}.Debug|Any CPU.Build.0 = Debug|Any CPU
		{CF3150F6-2F04-4106-93BD-77CEB3B2F423}.Release|Any CPU.ActiveCfg = Release|Any CPU
		{CF3150F6-2F04-4106-93BD-77CEB3B2F423}.Release|Any CPU.Build.0 = Release|Any CPU
		{39D71A45-5EE5-4815-895C-21BA8953BDCC}.Debug|Any CPU.ActiveCfg = Debug|Any CPU
		{39D71A45-5EE5-4815-895C-21BA8953BDCC}.Debug|Any CPU.Build.0 = Debug|Any CPU
		{39D71A45-5EE5-4815-895C-21BA8953BDCC}.Release|Any CPU.ActiveCfg = Release|Any CPU
		{39D71A45-5EE5-4815-895C-21BA8953BDCC}.Release|Any CPU.Build.0 = Release|Any CPU
	EndGlobalSection
	GlobalSection(NestedProjects) = preSolution
		{CF3150F6-2F04-4106-93BD-77CEB3B2F423} = {FD7EB555-4843-497C-973F-4FEE4CB8A7BF}
		{39D71A45-5EE5-4815-895C-21BA8953BDCC} = {1D740769-CD52-4738-A1A5-8C12AA0E7DEB}
	EndGlobalSection
EndGlobal
